{"1.2.0",
[{<<"buoy">>,
  {git,"https://github.com/lpgauth/buoy.git",
       {ref,"ed7ec83750600325dc0ac0016303092d8d21cbf3"}},
  0},
 {<<"elli">>,
  {git,"https://github.com/elli-lib/elli.git",
       {ref,"3ec352293ef493c142767127f4113c85541c32cc"}},
  1},
 {<<"erf">>,
  {git,"https://github.com/nomasystems/erf.git",
       {ref,"0dac504f9988d3b96154c1e80b8af3defb772b58"}},
  0},
 {<<"foil">>,{pkg,<<"foil">>,<<"0.1.6">>},1},
 {<<"knot">>,{pkg,<<"knot">>,<<"0.1.2">>},2},
 {<<"metal">>,{pkg,<<"metal">>,<<"0.1.2">>},2},
 {<<"ncalendar">>,
  {git,"https://github.com/nomasystems/ncalendar.git",
       {ref,"aa5615f6723585e45e82fa5524cb976cdfe3d7f7"}},
  1},
 {<<"ndto">>,
  {git,"https://github.com/nomasystems/ndto.git",
       {ref,"295281b72ea4ac85e7c4d5ca42337c68b1aac137"}},
  0},
 {<<"njson">>,
  {git,"https://github.com/nomasystems/njson.git",
       {ref,"541754472e8d9713fe8a320a7007c15015095c45"}},
  0},
 {<<"shackle">>,{pkg,<<"shackle">>,<<"0.7.3">>},1},
 {<<"telemetry">>,{pkg,<<"telemetry">>,<<"1.4.2">>},1},
 {<<"triq">>,
  {git,"https://github.com/nomasystems/triq.git",
       {ref,"18b8198de2f19ac3a99236eead774f9934d727be"}},
  0}]}.
[
{pkg_hash,[
 {<<"foil">>, <<"31A9048E8EC6E8AC951ED3C4E4EB8F549465920C70F19E92CD9FC8A6867E7253">>},
 {<<"knot">>, <<"3B6C07CD24831D62752D879F031BCEDCFADB343738679EB1774A029D0A8B7D48">>},
 {<<"metal">>, <<"7501F14B075380F829498C4CE605643D6C7F0C55F60EBFCFBF694C33A558DF98">>},
 {<<"shackle">>, <<"DEDE0777BC297B212DE3DBE4377B391DA991FC011B4D5201960A5C4F11E83B2C">>},
 {<<"telemetry">>, <<"A0CB522801DFFB1C49FE6E30561BADFFC7B6D0E180DB1300DF759FAA22062855">>}]},
{pkg_hash_ext,[
 {<<"foil">>, <<"8D34B12D712FFB30AD9E192F57885ABB1A61510CD3D9F6AA44470510A50B979E">>},
 {<<"knot">>, <<"42CB91A8024A8857D70A61B33E83D31370D5EB48681B366AE1203CB7C7CCFB38">>},
 {<<"metal">>, <<"CAC84E5CF2875B56E68874F3F0B3D598AF3EC30397EC2151D5C81C408961E6E4">>},
 {<<"shackle">>, <<"056944FEEB85ED0F3E1B7505FBC7174CDE0788993A19E9ADA85137A23CA56349">>},
 {<<"telemetry">>, <<"928F6495066506077862C0D1646609EED891A4326BEE3126BA54B60AF61FEBB1">>}]}
].
