{"1.2.0",
[{<<"buoy">>,
  {git,"git@github.com:lpgauth/buoy.git",
       {ref,"410180cecd8e279a0b2d9dad291925516920e965"}},
  0},
 {<<"elli">>,
  {git,"git@github.com:elli-lib/elli.git",
       {ref,"3ec352293ef493c142767127f4113c85541c32cc"}},
  1},
 {<<"erf">>,
  {git,"git@github.com:nomasystems/erf.git",
       {ref,"494a47b9fc638d64900cb96abbdea94fae62766f"}},
  0},
 {<<"foil">>,
  {git,"https://github.com/lpgauth/foil.git",
       {ref,"b55c30ff8b21daf89a85d1565d4b836c7f9e549b"}},
  1},
 {<<"granderl">>,
  {git,"https://github.com/tokenrove/granderl.git",
       {ref,"baafd1bc825cb1fc022760eae913f774fa6af91b"}},
  2},
 {<<"metal">>,{pkg,<<"metal">>,<<"0.1.1">>},2},
 {<<"ncalendar">>,
  {git,"git@github.com:nomasystems/ncalendar.git",
       {ref,"0237766de898145bbd55bb26eef8917535f341ca"}},
  1},
 {<<"ndto">>,
  {git,"git@github.com:nomasystems/ndto.git",
       {ref,"491a2441e43afa2fb037c6e7e826c45a383e3bd9"}},
  0},
 {<<"njson">>,
  {git,"git@github.com:nomasystems/njson.git",
       {ref,"76ab40033ee977f876e7b3addca5de981ff4a9ef"}},
  0},
 {<<"shackle">>,
  {git,"https://github.com/lpgauth/shackle.git",
       {ref,"a4f7d82d10115cf0d676582b638a56260be685d5"}},
  1},
 {<<"triq">>,
  {git,"git@github.com:nomasystems/triq.git",
       {ref,"18b8198de2f19ac3a99236eead774f9934d727be"}},
  0}]}.
[
{pkg_hash,[
 {<<"metal">>, <<"5D3D1322DA7BCD34B94FED5486F577973685298883954F7A3E517EF5EF6953F5">>}]},
{pkg_hash_ext,[
 {<<"metal">>, <<"88B82B634998A1A768DEDCD372C2F7E657B19445325C0AF5CCBAC62C77210F1D">>}]}
].
