{"1.2.0",
[{<<"buoy">>,
  {git,"git@github.com:lpgauth/buoy.git",
       {ref,"410180cecd8e279a0b2d9dad291925516920e965"}},
  0},
 {<<"elli">>,
  {git,"git@github.com:elli-lib/elli.git",
       {ref,"3ec352293ef493c142767127f4113c85541c32cc"}},
  1},
 {<<"erf">>,
  {git,"git@github.com:nomasystems/erf.git",
       {ref,"33d648718091626b238d56a668b3e265dc094581"}},
  0},
 {<<"foil">>,
  {git,"https://github.com/lpgauth/foil.git",
       {ref,"b55c30ff8b21daf89a85d1565d4b836c7f9e549b"}},
  1},
 {<<"granderl">>,
  {git,"https://github.com/tokenrove/granderl.git",
       {ref,"baafd1bc825cb1fc022760eae913f774fa6af91b"}},
  2},
 {<<"metal">>,{pkg,<<"metal">>,<<"0.1.1">>},2},
 {<<"ncalendar">>,
  {git,"git@github.com:nomasystems/ncalendar.git",
       {ref,"5a85b4a879305e7656cc96b04131189dc9f2e612"}},
  1},
 {<<"ndto">>,
  {git,"git@github.com:nomasystems/ndto.git",
       {ref,"fb95c1ab33c0f767ccb987b6b6d75da8919a0714"}},
  0},
 {<<"njson">>,
  {git,"git@github.com:nomasystems/njson.git",
       {ref,"c8c62839a853ea92cd6ef1f72b9b75e3c4aca6fa"}},
  0},
 {<<"shackle">>,
  {git,"https://github.com/lpgauth/shackle.git",
       {ref,"a4f7d82d10115cf0d676582b638a56260be685d5"}},
  1},
 {<<"triq">>,
  {git,"git@github.com:nomasystems/triq.git",
       {ref,"9a2fe2cc44460abb28e48438936adfc5bea4bea9"}},
  0}]}.
[
{pkg_hash,[
 {<<"metal">>, <<"5D3D1322DA7BCD34B94FED5486F577973685298883954F7A3E517EF5EF6953F5">>}]},
{pkg_hash_ext,[
 {<<"metal">>, <<"88B82B634998A1A768DEDCD372C2F7E657B19445325C0AF5CCBAC62C77210F1D">>}]}
].
